
Microsoft Visual Studio Solution File, Format Version 12.00
Project("{FAE04EC0-301F-11D3-BF4B-00C04F79EFBC}") = "NBA", "NBA.csproj", "{88C518C2-AEF0-42EA-9AB4-D2A8E35D308F}"
EndProject
Global
	GlobalSection(SolutionConfigurationPlatforms) = preSolution
		Debug|Any CPU = Debug|Any CPU
		Release|Any CPU = Release|Any CPU
	EndGlobalSection
	GlobalSection(ProjectConfigurationPlatforms) = postSolution
		{88C518C2-AEF0-42EA-9AB4-D2A8E35D308F}.Debug|Any CPU.ActiveCfg = Debug|Any CPU
		{88C518C2-AEF0-42EA-9AB4-D2A8E35D308F}.Debug|Any CPU.Build.0 = Debug|Any CPU
		{88C518C2-AEF0-42EA-9AB4-D2A8E35D308F}.Release|Any CPU.ActiveCfg = Release|Any CPU
		{88C518C2-AEF0-42EA-9AB4-D2A8E35D308F}.Release|Any CPU.Build.0 = Release|Any CPU
	EndGlobalSection
EndGlobal
